
Microsoft Visual Studio Solution File, Format Version 12.00
# Visual Studio Version 16
VisualStudioVersion = 16.0.30621.155
MinimumVisualStudioVersion = 10.0.40219.1
Project("{FAE04EC0-301F-11D3-BF4B-00C04F79EFBC}") = "CandleNew", "CandleNew\CandleNew.csproj", "{FD94ABE7-EE58-474C-BD8D-3762B3F7A59A}"
EndProject
Global
	GlobalSection(SolutionConfigurationPlatforms) = preSolution
		Debug|Any CPU = Debug|Any CPU
		Release|Any CPU = Release|Any CPU
	EndGlobalSection
	GlobalSection(ProjectConfigurationPlatforms) = postSolution
		{FD94ABE7-EE58-474C-BD8D-3762B3F7A59A}.Debug|Any CPU.ActiveCfg = Debug|Any CPU
		{FD94ABE7-EE58-474C-BD8D-3762B3F7A59A}.Debug|Any CPU.Build.0 = Debug|Any CPU
		{FD94ABE7-EE58-474C-BD8D-3762B3F7A59A}.Release|Any CPU.ActiveCfg = Release|Any CPU
		{FD94ABE7-EE58-474C-BD8D-3762B3F7A59A}.Release|Any CPU.Build.0 = Release|Any CPU
	EndGlobalSection
	GlobalSection(SolutionProperties) = preSolution
		HideSolutionNode = FALSE
	EndGlobalSection
	GlobalSection(ExtensibilityGlobals) = postSolution
		SolutionGuid = {7DA2F21B-9240-4075-9C02-6DCB50B077C6}
	EndGlobalSection
EndGlobal
